{
  "name": "4.9",
  "lockfileVersion": 2,
  "requires": true,
  "packages": {
    "": {
      "dependencies": {
        "types-registry": "^0.1.623"
      }
    },
    "node_modules/types-registry": {
      "version": "0.1.623",
      "resolved": "https://registry.npmjs.org/types-registry/-/types-registry-0.1.623.tgz",
      "integrity": "sha512-xs6ysBBlK39ExuYMvkmyrTGmsJUtTiE/swLg8o3ZhJF41lCF7vDBAZ+bn2nCR+12iV5Xge6MGu+v9q7nHvi1IQ=="
    }
  },
  "dependencies": {
    "types-registry": {
      "version": "0.1.623",
      "resolved": "https://registry.npmjs.org/types-registry/-/types-registry-0.1.623.tgz",
      "integrity": "sha512-xs6ysBBlK39ExuYMvkmyrTGmsJUtTiE/swLg8o3ZhJF41lCF7vDBAZ+bn2nCR+12iV5Xge6MGu+v9q7nHvi1IQ=="
    }
  }
}
